Microsoft Visual Studio Solution File, Format Version 11.00
# Visual C++ Express 2010
Project("{8BC9CEB8-8B4A-11D0-8D11-00A0C91BC942}") = "VectorTest", "VectorTest.vcxproj", "{E9D7DA0E-0B84-A42B-7621-BB93397B03F7}"
EndProject
Global
	GlobalSection(SolutionConfigurationPlatforms) = preSolution
		Debug|Win32 = Debug|Win32
		Release|Win32 = Release|Win32
	EndGlobalSection
	GlobalSection(ProjectConfigurationPlatforms) = postSolution
		{E9D7DA0E-0B84-A42B-7621-BB93397B03F7}.Debug|Win32.ActiveCfg = Debug|Win32
		{E9D7DA0E-0B84-A42B-7621-BB93397B03F7}.Debug|Win32.Build.0 = Debug|Win32
		{E9D7DA0E-0B84-A42B-7621-BB93397B03F7}.Release|Win32.ActiveCfg = Release|Win32
		{E9D7DA0E-0B84-A42B-7621-BB93397B03F7}.Release|Win32.Build.0 = Release|Win32
	EndGlobalSection
	GlobalSection(SolutionProperties) = preSolution
		HideSolutionNode = FALSE
	EndGlobalSection
EndGlobal
