Microsoft Visual Studio Solution File, Format Version 11.00
# Visual Studio 2010
Project("{8BC9CEB8-8B4A-11D0-8D11-00A0C91BC942}") = "particle", "GLUTTest\particle.vcxproj", "{11317174-D4BE-41BC-8E6C-6B434C6CD82B}"
EndProject
Project("{8BC9CEB8-8B4A-11D0-8D11-00A0C91BC942}") = "VectorTest", "VectorTest\VectorTest.vcxproj", "{61501E7B-CAD3-4E4D-9694-FE7DB442F18C}"
EndProject
Project("{8BC9CEB8-8B4A-11D0-8D11-00A0C91BC942}") = "DrawLines", "DrawLines\DrawLines.vcxproj", "{7999F7EB-D15B-41EB-9245-789BFE3A8775}"
EndProject
Project("{8BC9CEB8-8B4A-11D0-8D11-00A0C91BC942}") = "Animation3D", "Animation3D\Animation2D.vcxproj", "{FAC3C33F-8E86-41E2-A26A-7B521CF503DA}"
EndProject
Project("{8BC9CEB8-8B4A-11D0-8D11-00A0C91BC942}") = "LightingViewing", "LightingViewing\LightingViewing.vcxproj", "{17BA8175-1D92-47D7-A60F-2B02D0491D1D}"
EndProject
Project("{8BC9CEB8-8B4A-11D0-8D11-00A0C91BC942}") = "MatrixTest", "MatrixTest\MatrixTest.vcxproj", "{63080D32-E21A-4273-ADDE-1D9B0F6DF3EA}"
EndProject
Project("{8BC9CEB8-8B4A-11D0-8D11-00A0C91BC942}") = "PhongShading", "PhongShading\PhongShading.vcxproj", "{6432AEC3-C52F-4772-8637-2D799ABE8C91}"
EndProject
Global
	GlobalSection(SolutionConfigurationPlatforms) = preSolution
		Debug|Win32 = Debug|Win32
		Release|Win32 = Release|Win32
	EndGlobalSection
	GlobalSection(ProjectConfigurationPlatforms) = postSolution
		{11317174-D4BE-41BC-8E6C-6B434C6CD82B}.Debug|Win32.ActiveCfg = Debug|Win32
		{11317174-D4BE-41BC-8E6C-6B434C6CD82B}.Release|Win32.ActiveCfg = Release|Win32
		{61501E7B-CAD3-4E4D-9694-FE7DB442F18C}.Debug|Win32.ActiveCfg = Debug|Win32
		{61501E7B-CAD3-4E4D-9694-FE7DB442F18C}.Release|Win32.ActiveCfg = Release|Win32
		{7999F7EB-D15B-41EB-9245-789BFE3A8775}.Debug|Win32.ActiveCfg = Debug|Win32
		{7999F7EB-D15B-41EB-9245-789BFE3A8775}.Release|Win32.ActiveCfg = Release|Win32
		{FAC3C33F-8E86-41E2-A26A-7B521CF503DA}.Debug|Win32.ActiveCfg = Debug|Win32
		{FAC3C33F-8E86-41E2-A26A-7B521CF503DA}.Release|Win32.ActiveCfg = Release|Win32
		{17BA8175-1D92-47D7-A60F-2B02D0491D1D}.Debug|Win32.ActiveCfg = Debug|Win32
		{17BA8175-1D92-47D7-A60F-2B02D0491D1D}.Debug|Win32.Build.0 = Debug|Win32
		{17BA8175-1D92-47D7-A60F-2B02D0491D1D}.Release|Win32.ActiveCfg = Release|Win32
		{17BA8175-1D92-47D7-A60F-2B02D0491D1D}.Release|Win32.Build.0 = Release|Win32
		{63080D32-E21A-4273-ADDE-1D9B0F6DF3EA}.Debug|Win32.ActiveCfg = Debug|Win32
		{63080D32-E21A-4273-ADDE-1D9B0F6DF3EA}.Release|Win32.ActiveCfg = Release|Win32
		{6432AEC3-C52F-4772-8637-2D799ABE8C91}.Debug|Win32.ActiveCfg = Debug|Win32
		{6432AEC3-C52F-4772-8637-2D799ABE8C91}.Release|Win32.ActiveCfg = Release|Win32
	EndGlobalSection
	GlobalSection(SolutionProperties) = preSolution
		HideSolutionNode = FALSE
	EndGlobalSection
EndGlobal
