<?xml version="1.0" encoding="utf-8"?>
<Project ToolsVersion="4.0" xmlns="http://schemas.microsoft.com/developer/msbuild/2003">
  <ItemGroup>
    <Filter Include="Source Files">
      <UniqueIdentifier>{6284b8bb-70db-48c2-8086-3c29ddde1b5c}</UniqueIdentifier>
      <Extensions>cpp;c;cxx;rc;def;r;odl;idl;hpj;bat</Extensions>
    </Filter>
    <Filter Include="Header Files">
      <UniqueIdentifier>{37b5a20e-e508-48a7-a040-b4fb2494e284}</UniqueIdentifier>
      <Extensions>h;hpp;hxx;hm;inl</Extensions>
    </Filter>
    <Filter Include="Resource Files">
      <UniqueIdentifier>{6743348e-8458-45c7-a856-f52b889ebbad}</UniqueIdentifier>
      <Extensions>ico;cur;bmp;dlg;rc2;rct;bin;rgs;gif;jpg;jpeg;jpe</Extensions>
    </Filter>
  </ItemGroup>
  <ItemGroup>
    <ClCompile Include="VectorTest.cpp">
      <Filter>Source Files</Filter>
    </ClCompile>
  </ItemGroup>
  <ItemGroup>
    <ClInclude Include="..\geometry\AABB.h">
      <Filter>Header Files</Filter>
    </ClInclude>
    <ClInclude Include="..\geometry\BoundingSphere.h">
      <Filter>Header Files</Filter>
    </ClInclude>
    <ClInclude Include="..\geometry\geometry.h">
      <Filter>Header Files</Filter>
    </ClInclude>
    <ClInclude Include="..\geometry\HPoint2.h">
      <Filter>Header Files</Filter>
    </ClInclude>
    <ClInclude Include="..\geometry\HPoint3.h">
      <Filter>Header Files</Filter>
    </ClInclude>
    <ClInclude Include="..\geometry\Matrix.h">
      <Filter>Header Files</Filter>
    </ClInclude>
    <ClInclude Include="..\geometry\Noise.h">
      <Filter>Header Files</Filter>
    </ClInclude>
    <ClInclude Include="..\geometry\Plane.h">
      <Filter>Header Files</Filter>
    </ClInclude>
    <ClInclude Include="..\geometry\Point2.h">
      <Filter>Header Files</Filter>
    </ClInclude>
    <ClInclude Include="..\geometry\Point3.h">
      <Filter>Header Files</Filter>
    </ClInclude>
    <ClInclude Include="..\geometry\Segment2.h">
      <Filter>Header Files</Filter>
    </ClInclude>
    <ClInclude Include="..\geometry\Segment3.h">
      <Filter>Header Files</Filter>
    </ClInclude>
    <ClInclude Include="..\geometry\Vector2.h">
      <Filter>Header Files</Filter>
    </ClInclude>
    <ClInclude Include="..\geometry\Vector3.h">
      <Filter>Header Files</Filter>
    </ClInclude>
    <ClInclude Include="..\geometry\Ray3.h">
      <Filter>Header Files</Filter>
    </ClInclude>
  </ItemGroup>
</Project>