Microsoft Visual Studio Solution File, Format Version 11.00
# Visual C++ Express 2010
Project("{8BC9CEB8-8B4A-11D0-8D11-00A0C91BC942}") = "particle", "particle.vcxproj", "{11317174-D4BE-41BC-8E6C-6B434C6CD82B}"
EndProject
Global
	GlobalSection(SolutionConfigurationPlatforms) = preSolution
		Debug|Win32 = Debug|Win32
		Release|Win32 = Release|Win32
	EndGlobalSection
	GlobalSection(ProjectConfigurationPlatforms) = postSolution
		{11317174-D4BE-41BC-8E6C-6B434C6CD82B}.Debug|Win32.ActiveCfg = Debug|Win32
		{11317174-D4BE-41BC-8E6C-6B434C6CD82B}.Debug|Win32.Build.0 = Debug|Win32
		{11317174-D4BE-41BC-8E6C-6B434C6CD82B}.Release|Win32.ActiveCfg = Release|Win32
		{11317174-D4BE-41BC-8E6C-6B434C6CD82B}.Release|Win32.Build.0 = Release|Win32
	EndGlobalSection
	GlobalSection(SolutionProperties) = preSolution
		HideSolutionNode = FALSE
	EndGlobalSection
EndGlobal
